# This file was autogenerated by Stack.
# You should not edit this file by hand.
# For more information, please see the documentation at:
#   https://docs.haskellstack.org/en/stable/lock_files

packages:
- completed:
    hackage: katip-0.8.0.0@sha256:8a74858b692edfdbe83ac377b116111f81b4dcda774024615967d764f9f474b8,4097
    pantry-tree:
      size: 1140
      sha256: f6baad9ee2edc7ed02d71bd8433872403500ebbdfaead9e4ef226dc47b3c4b97
  original:
    hackage: katip-0.8.0.0
snapshots:
- completed:
    size: 496697
    url: https://raw.githubusercontent.com/commercialhaskell/stackage-snapshots/master/lts/13/9.yaml
    sha256: 3846ba7d13dd1b2679426dc3f450332a3b8a181063b0f3fc2d0c7d55db2e9c24
  original: lts-13.9
